{
  "requires": true,
  "lockfileVersion": 1,
  "dependencies": {
    "@angular/animations": {
      "version": "11.1.0",
      "resolved": "https://registry.npmjs.org/@angular/animations/-/animations-11.1.0.tgz",
      "integrity": "sha512-VgpknW33WJiqnNtQwNVWrpiSxkgoChIZLpYLlijSTvFwZOHiraFKApohaW8X61mwL0HuK1RB7Z36B+Q11cw3aw==",
      "requires": {
        "tslib": "^2.0.0"
      }
    },
    "@angular/cdk": {
      "version": "11.1.0",
      "resolved": "https://registry.npmjs.org/@angular/cdk/-/cdk-11.1.0.tgz",
      "integrity": "sha512-yFEHtdp0o/xGnYebrU/PQqWVIlB7SaP3cSviq/LTv/h2EINn3PzU/Zhdhg0k0fk09BrKoS+o8AVIddduIdDpYw==",
      "requires": {
        "parse5": "^5.0.0",
        "tslib": "^2.0.0"
      }
    },
    "@angular/common": {
      "version": "11.1.0",
      "resolved": "https://registry.npmjs.org/@angular/common/-/common-11.1.0.tgz",
      "integrity": "sha512-jR9fnhzvvpdilyhPnyRlRRFRJ9vf/OhUFJrL42Knaj7uknmjgeu168JhwVdq6uj+v1208suXW+nOXhKNIpH38Q==",
      "requires": {
        "tslib": "^2.0.0"
      }
    },
    "@angular/core": {
      "version": "11.1.0",
      "resolved": "https://registry.npmjs.org/@angular/core/-/core-11.1.0.tgz",
      "integrity": "sha512-VhiRWZEj9Q/OvbbSDcgQ4f53oVcMnDB4uNL8xaWnK0Sb3lZA4aQW3VOlROBITS5n2g7D1zRhvUzdfzVuyuMIaQ==",
      "requires": {
        "tslib": "^2.0.0"
      }
    },
    "@angular/material": {
      "version": "11.1.0",
      "resolved": "https://registry.npmjs.org/@angular/material/-/material-11.1.0.tgz",
      "integrity": "sha512-k7KpU8T32mmi1vaU27SSZ/gwO2YpxEUCTSzAOZNK8YugAXC+A5xPYLcNU8dlzBP4EW7XBkeSSnUacpI199YcyQ==",
      "requires": {
        "tslib": "^2.0.0"
      }
    },
    "@angular/platform-browser": {
      "version": "11.1.0",
      "resolved": "https://registry.npmjs.org/@angular/platform-browser/-/platform-browser-11.1.0.tgz",
      "integrity": "sha512-wdinsRiKC5mGWWSA5RqferFvpe3Wr9YIVK2Gaj50DlJGOJ/8yWvux3BYjsCd5B44PC8+6dxUEZMgvA6CmhXgpw==",
      "requires": {
        "tslib": "^2.0.0"
      }
    },
    "parse5": {
      "version": "5.1.1",
      "resolved": "https://registry.npmjs.org/parse5/-/parse5-5.1.1.tgz",
      "integrity": "sha512-ugq4DFI0Ptb+WWjAdOK16+u/nHfiIrcE+sh8kZMaM0WllQKLI9rOUq6c2b7cwPkXdzfQESqvoqK6ug7U/Yyzug=="
    },
    "rxjs": {
      "version": "6.6.3",
      "resolved": "https://registry.npmjs.org/rxjs/-/rxjs-6.6.3.tgz",
      "integrity": "sha512-trsQc+xYYXZ3urjOiJOuCOa5N3jAZ3eiSpQB5hIT8zGlL2QfnHLJ2r7GMkBGuIausdJN1OneaI6gQlsqNHHmZQ==",
      "requires": {
        "tslib": "^1.9.0"
      },
      "dependencies": {
        "tslib": {
          "version": "1.14.1",
          "resolved": "https://registry.npmjs.org/tslib/-/tslib-1.14.1.tgz",
          "integrity": "sha512-Xni35NKzjgMrwevysHTCArtLDpPvye8zV/0E4EyYn43P7/7qvQwPh9BGkHewbMulVntbigmcT7rdX3BNo9wRJg=="
        }
      }
    },
    "tslib": {
      "version": "2.1.0",
      "resolved": "https://registry.npmjs.org/tslib/-/tslib-2.1.0.tgz",
      "integrity": "sha512-hcVC3wYEziELGGmEEXue7D75zbwIIVUMWAVbHItGPx0ziyXxrOMQx4rQEVEV45Ut/1IotuEvwqPopzIOkDMf0A=="
    }
  }
}
